[[package]]
category = "dev"
description = "An abstract syntax tree for Python with inference support."
name = "astroid"
optional = false
python-versions = ">=3.5"
version = "2.4.1"

[package.dependencies]
lazy-object-proxy = ">=1.4.0,<1.5.0"
six = ">=1.12,<2.0"
wrapt = ">=1.11,<2.0"

[[package]]
category = "dev"
description = "Atomic file writes."
marker = "sys_platform == \"win32\""
name = "atomicwrites"
optional = false
python-versions = ">=2.7, !=3.0.*, !=3.1.*, !=3.2.*, !=3.3.*"
version = "1.4.0"

[[package]]
category = "dev"
description = "Classes Without Boilerplate"
name = "attrs"
optional = false
python-versions = ">=2.7, !=3.0.*, !=3.1.*, !=3.2.*, !=3.3.*"
version = "19.3.0"

[package.extras]
azure-pipelines = ["coverage", "hypothesis", "pympler", "pytest (>=4.3.0)", "six", "zope.interface", "pytest-azurepipelines"]
dev = ["coverage", "hypothesis", "pympler", "pytest (>=4.3.0)", "six", "zope.interface", "sphinx", "pre-commit"]
docs = ["sphinx", "zope.interface"]
tests = ["coverage", "hypothesis", "pympler", "pytest (>=4.3.0)", "six", "zope.interface"]

[[package]]
category = "dev"
description = "Cross-platform colored terminal text."
marker = "sys_platform == \"win32\""
name = "colorama"
optional = false
python-versions = ">=2.7, !=3.0.*, !=3.1.*, !=3.2.*, !=3.3.*, !=3.4.*"
version = "0.4.3"

[[package]]
category = "dev"
description = "A Python utility / library to sort Python imports."
name = "isort"
optional = false
python-versions = ">=2.7, !=3.0.*, !=3.1.*, !=3.2.*, !=3.3.*"
version = "4.3.21"

[package.extras]
pipfile = ["pipreqs", "requirementslib"]
pyproject = ["toml"]
requirements = ["pipreqs", "pip-api"]
xdg_home = ["appdirs (>=1.4.0)"]

[[package]]
category = "dev"
description = "An autocompletion tool for Python that can be used for text editors."
name = "jedi"
optional = false
python-versions = ">=2.7, !=3.0.*, !=3.1.*, !=3.2.*, !=3.3.*, !=3.4.*"
version = "0.17.0"

[package.dependencies]
parso = ">=0.7.0"

[package.extras]
qa = ["flake8 (3.7.9)"]
testing = ["colorama", "docopt", "pytest (>=3.9.0,<5.0.0)"]

[[package]]
category = "main"
description = "jq is a lightweight and flexible JSON processor."
name = "jq"
optional = false
python-versions = ">=2.7, !=3.0.*, !=3.1.*, !=3.2.*, !=3.3.*"
version = "1.0.1"

[[package]]
category = "dev"
description = "A fast and thorough lazy object proxy."
name = "lazy-object-proxy"
optional = false
python-versions = ">=2.7, !=3.0.*, !=3.1.*, !=3.2.*, !=3.3.*"
version = "1.4.3"

[[package]]
category = "dev"
description = "McCabe checker, plugin for flake8"
name = "mccabe"
optional = false
python-versions = "*"
version = "0.6.1"

[[package]]
category = "dev"
description = "More routines for operating on iterables, beyond itertools"
name = "more-itertools"
optional = false
python-versions = ">=3.5"
version = "8.3.0"

[[package]]
category = "dev"
description = "Core utilities for Python packages"
name = "packaging"
optional = false
python-versions = ">=2.7, !=3.0.*, !=3.1.*, !=3.2.*, !=3.3.*"
version = "20.4"

[package.dependencies]
pyparsing = ">=2.0.2"
six = "*"

[[package]]
category = "dev"
description = "A Python Parser"
name = "parso"
optional = false
python-versions = ">=2.7, !=3.0.*, !=3.1.*, !=3.2.*, !=3.3.*"
version = "0.7.0"

[package.extras]
testing = ["docopt", "pytest (>=3.0.7)"]

[[package]]
category = "dev"
description = "plugin and hook calling mechanisms for python"
name = "pluggy"
optional = false
python-versions = ">=2.7, !=3.0.*, !=3.1.*, !=3.2.*, !=3.3.*"
version = "0.13.1"

[package.extras]
dev = ["pre-commit", "tox"]

[[package]]
category = "dev"
description = "library with cross-python path, ini-parsing, io, code, log facilities"
name = "py"
optional = false
python-versions = ">=2.7, !=3.0.*, !=3.1.*, !=3.2.*, !=3.3.*"
version = "1.8.1"

[[package]]
category = "dev"
description = "python code static checker"
name = "pylint"
optional = false
python-versions = ">=3.5.*"
version = "2.5.2"

[package.dependencies]
astroid = ">=2.4.0,<=2.5"
colorama = "*"
isort = ">=4.2.5,<5"
mccabe = ">=0.6,<0.7"
toml = ">=0.7.1"

[[package]]
category = "dev"
description = "Python parsing module"
name = "pyparsing"
optional = false
python-versions = ">=2.6, !=3.0.*, !=3.1.*, !=3.2.*"
version = "2.4.7"

[[package]]
category = "dev"
description = "pytest: simple powerful testing with Python"
name = "pytest"
optional = false
python-versions = ">=3.5"
version = "5.4.2"

[package.dependencies]
atomicwrites = ">=1.0"
attrs = ">=17.4.0"
colorama = "*"
more-itertools = ">=4.0.0"
packaging = "*"
pluggy = ">=0.12,<1.0"
py = ">=1.5.0"
wcwidth = "*"

[package.extras]
checkqa-mypy = ["mypy (v0.761)"]
testing = ["argcomplete", "hypothesis (>=3.56)", "mock", "nose", "requests", "xmlschema"]

[[package]]
category = "dev"
description = "Python 2 and 3 compatibility utilities"
name = "six"
optional = false
python-versions = ">=2.7, !=3.0.*, !=3.1.*, !=3.2.*"
version = "1.15.0"

[[package]]
category = "dev"
description = "Python Library for Tom's Obvious, Minimal Language"
name = "toml"
optional = false
python-versions = "*"
version = "0.10.1"

[[package]]
category = "dev"
description = "Measures number of Terminal column cells of wide-character codes"
name = "wcwidth"
optional = false
python-versions = "*"
version = "0.1.9"

[[package]]
category = "dev"
description = "Module for decorators, wrappers and monkey patching."
name = "wrapt"
optional = false
python-versions = "*"
version = "1.12.1"

[metadata]
content-hash = "ec0c7c8acc5f6d7cd87e75b7fe6f5387cea5f8179422db1b9221703372029657"
python-versions = "^3.8"

[metadata.files]
astroid = [
    {file = "astroid-2.4.1-py3-none-any.whl", hash = "sha256:d8506842a3faf734b81599c8b98dcc423de863adcc1999248480b18bd31a0f38"},
    {file = "astroid-2.4.1.tar.gz", hash = "sha256:4c17cea3e592c21b6e222f673868961bad77e1f985cb1694ed077475a89229c1"},
]
atomicwrites = [
    {file = "atomicwrites-1.4.0-py2.py3-none-any.whl", hash = "sha256:6d1784dea7c0c8d4a5172b6c620f40b6e4cbfdf96d783691f2e1302a7b88e197"},
    {file = "atomicwrites-1.4.0.tar.gz", hash = "sha256:ae70396ad1a434f9c7046fd2dd196fc04b12f9e91ffb859164193be8b6168a7a"},
]
attrs = [
    {file = "attrs-19.3.0-py2.py3-none-any.whl", hash = "sha256:08a96c641c3a74e44eb59afb61a24f2cb9f4d7188748e76ba4bb5edfa3cb7d1c"},
    {file = "attrs-19.3.0.tar.gz", hash = "sha256:f7b7ce16570fe9965acd6d30101a28f62fb4a7f9e926b3bbc9b61f8b04247e72"},
]
colorama = [
    {file = "colorama-0.4.3-py2.py3-none-any.whl", hash = "sha256:7d73d2a99753107a36ac6b455ee49046802e59d9d076ef8e47b61499fa29afff"},
    {file = "colorama-0.4.3.tar.gz", hash = "sha256:e96da0d330793e2cb9485e9ddfd918d456036c7149416295932478192f4436a1"},
]
isort = [
    {file = "isort-4.3.21-py2.py3-none-any.whl", hash = "sha256:6e811fcb295968434526407adb8796944f1988c5b65e8139058f2014cbe100fd"},
    {file = "isort-4.3.21.tar.gz", hash = "sha256:54da7e92468955c4fceacd0c86bd0ec997b0e1ee80d97f67c35a78b719dccab1"},
]
jedi = [
    {file = "jedi-0.17.0-py2.py3-none-any.whl", hash = "sha256:cd60c93b71944d628ccac47df9a60fec53150de53d42dc10a7fc4b5ba6aae798"},
    {file = "jedi-0.17.0.tar.gz", hash = "sha256:df40c97641cb943661d2db4c33c2e1ff75d491189423249e989bcea4464f3030"},
]
jq = [
    {file = "jq-1.0.1-cp27-cp27m-macosx_10_9_x86_64.whl", hash = "sha256:a3e6be9b9b46f3b2ba0406fec3045649a1b7e141ab1f57a6d240ceb4c55e7b4e"},
    {file = "jq-1.0.1-cp27-cp27m-manylinux1_i686.whl", hash = "sha256:0d19207cf302e66e5640ea39bb25cc60ab4e38174658b1d8df90295bf90b5e7a"},
    {file = "jq-1.0.1-cp27-cp27m-manylinux1_x86_64.whl", hash = "sha256:f8444a780df16eb681a6b6b914d46123e3bed6a61c6e30b8207042d956f42f0e"},
    {file = "jq-1.0.1-cp27-cp27m-manylinux2010_i686.whl", hash = "sha256:e67499d3a43d209feaadccb23d9a45cfb1269714495e6b8f88d19396b435ce77"},
    {file = "jq-1.0.1-cp27-cp27m-manylinux2010_x86_64.whl", hash = "sha256:30faba3e9e67a617d717dfd6db009cf3f2fbab83c37e12e27e102f35d46d8c65"},
    {file = "jq-1.0.1-cp27-cp27mu-manylinux1_i686.whl", hash = "sha256:294b3997d982d11cedc36afc99e94bee55131f52801095f9a3d46e0988855080"},
    {file = "jq-1.0.1-cp27-cp27mu-manylinux1_x86_64.whl", hash = "sha256:506c0917c3e340b675bb6171d4af305f3c32ef4bd565b2acaafd89de79a36797"},
    {file = "jq-1.0.1-cp27-cp27mu-manylinux2010_i686.whl", hash = "sha256:f2bce98a174ce0b195d8ab4fcd1eb77aab7cc4b07bb0c686c765fbbe65a272c0"},
    {file = "jq-1.0.1-cp27-cp27mu-manylinux2010_x86_64.whl", hash = "sha256:da736d15cc132bad2dd451598c5c656b33bfe839bab96cce16800a2a52d63de2"},
    {file = "jq-1.0.1-cp35-cp35m-macosx_10_9_x86_64.whl", hash = "sha256:37e1162ab740233498e07950f244e98f77bf124afd89386c6b29691ce3b0e456"},
    {file = "jq-1.0.1-cp35-cp35m-manylinux1_i686.whl", hash = "sha256:de40fd28240e0cc72f6f936e0a3123626a3a628787d376bbdfbe43f563886f48"},
    {file = "jq-1.0.1-cp35-cp35m-manylinux1_x86_64.whl", hash = "sha256:4fc6337cedcdba64765af1951d80368e384200175ac1102854cc1236b2a8d3d1"},
    {file = "jq-1.0.1-cp35-cp35m-manylinux2010_i686.whl", hash = "sha256:a70a7ca003ed895b2ac77738890ea0d9058be98a50a3e528c1524fe93ff71e52"},
    {file = "jq-1.0.1-cp35-cp35m-manylinux2010_x86_64.whl", hash = "sha256:234b8b22927d595c76a02d315cc095d811b70118c7a0bfeb5307b32c81fb49aa"},
    {file = "jq-1.0.1-cp36-cp36m-macosx_10_9_x86_64.whl", hash = "sha256:3530efb2536fc8132ce6a0e86eea728c72187e64692049e9f77b1988492047bd"},
    {file = "jq-1.0.1-cp36-cp36m-manylinux1_i686.whl", hash = "sha256:b67e35736595729a3919d4126644ca6ba245d9e69c624a0c0e4d5e83273cee77"},
    {file = "jq-1.0.1-cp36-cp36m-manylinux1_x86_64.whl", hash = "sha256:3f4c402bf6421baa23867bedfc3a245f18c26449eea258c0f2c856c5b78ac217"},
    {file = "jq-1.0.1-cp36-cp36m-manylinux2010_i686.whl", hash = "sha256:251b175272a870f6dfec62024f5f351fb9cebc826414b7abd456cc672343aae3"},
    {file = "jq-1.0.1-cp36-cp36m-manylinux2010_x86_64.whl", hash = "sha256:3e5951989820c6e03fb3533610ede21358efa8bb6b70d6d91de104c23b9376c4"},
    {file = "jq-1.0.1-cp37-cp37m-macosx_10_9_x86_64.whl", hash = "sha256:aed315eef7d299e3b148e5921ce7df0f26fddf2df59675d48d56dfc53084be29"},
    {file = "jq-1.0.1-cp37-cp37m-manylinux1_i686.whl", hash = "sha256:6ac51f0a4b0aa6636328c661f024956c701606f12544819aeeddeb5889caf548"},
    {file = "jq-1.0.1-cp37-cp37m-manylinux1_x86_64.whl", hash = "sha256:aa271bbc86fb5bd580080b5157d482b9a170794a8e71f2f427240aab7c06a74b"},
    {file = "jq-1.0.1-cp37-cp37m-manylinux2010_i686.whl", hash = "sha256:1f0f884d297fa066e24d6dc7081230588fc2507e32e8e78fdef717fee0afcdb7"},
    {file = "jq-1.0.1-cp37-cp37m-manylinux2010_x86_64.whl", hash = "sha256:9799ee069bc8662a5bd9feebfe888754095b484ed337ccdd7aaf997208b7fe88"},
    {file = "jq-1.0.1-cp38-cp38-macosx_10_9_x86_64.whl", hash = "sha256:38988a709488121f1e6510a8c7e5206f4534977beb4decf97d4e86f17de1d940"},
    {file = "jq-1.0.1-cp38-cp38-manylinux1_i686.whl", hash = "sha256:c5617da23ca1793dd7f00d43e3229741895a86c4fe72920469a5898e2c0f93bc"},
    {file = "jq-1.0.1-cp38-cp38-manylinux1_x86_64.whl", hash = "sha256:e7e7e0963a9be741b982e80c1632f1b6af036aa458e942e96e02a6cccd33f855"},
    {file = "jq-1.0.1-cp38-cp38-manylinux2010_i686.whl", hash = "sha256:548b49dce5bfdd82723a5684013750e1da882b56bcbe3f65a6601fd3a5de9422"},
    {file = "jq-1.0.1-cp38-cp38-manylinux2010_x86_64.whl", hash = "sha256:617b8f705a40dc84013976e81a53bb3ba05e641863378ff100460f316d1dec2b"},
    {file = "jq-1.0.1-pp27-pypy_73-macosx_10_7_x86_64.whl", hash = "sha256:9d010201c4c49d525da5a75880d8cfa4b461c0076ca976fb2433af00e6e533a1"},
    {file = "jq-1.0.1-pp27-pypy_73-manylinux1_x86_64.whl", hash = "sha256:d00484ea14d6fe83bc0f0eea218ca79785e7a5d2a52b5ed1133f1e3a39d2c394"},
    {file = "jq-1.0.1-pp27-pypy_73-manylinux2010_x86_64.whl", hash = "sha256:e9e74fdad3f935027933a8e32fdfab581f71ce60bc2953ed4cfe2d3eda29130b"},
    {file = "jq-1.0.1-pp36-pypy36_pp73-macosx_10_7_x86_64.whl", hash = "sha256:c5d4fe805269787e75f89812e0e0d47a6b8d2d345eff46578a997e532ea56473"},
    {file = "jq-1.0.1-pp36-pypy36_pp73-manylinux1_x86_64.whl", hash = "sha256:8ec4a27e266cc630bfbcd103d24833d17edddef6e4798c533d5e05e5ee3347a4"},
    {file = "jq-1.0.1-pp36-pypy36_pp73-manylinux2010_x86_64.whl", hash = "sha256:20de3ce731408d894a4e662f2ab6a03ddf6897271ba75c54c358ed2b8a23dd66"},
    {file = "jq-1.0.1.tar.gz", hash = "sha256:3c0a946b133064c6a5fde0921b2632ce5aa18beda9e8ce6e69741c3cc19ecf43"},
]
lazy-object-proxy = [
    {file = "lazy-object-proxy-1.4.3.tar.gz", hash = "sha256:f3900e8a5de27447acbf900b4750b0ddfd7ec1ea7fbaf11dfa911141bc522af0"},
    {file = "lazy_object_proxy-1.4.3-cp27-cp27m-macosx_10_13_x86_64.whl", hash = "sha256:a2238e9d1bb71a56cd710611a1614d1194dc10a175c1e08d75e1a7bcc250d442"},
    {file = "lazy_object_proxy-1.4.3-cp27-cp27m-win32.whl", hash = "sha256:efa1909120ce98bbb3777e8b6f92237f5d5c8ea6758efea36a473e1d38f7d3e4"},
    {file = "lazy_object_proxy-1.4.3-cp27-cp27m-win_amd64.whl", hash = "sha256:4677f594e474c91da97f489fea5b7daa17b5517190899cf213697e48d3902f5a"},
    {file = "lazy_object_proxy-1.4.3-cp27-cp27mu-manylinux1_x86_64.whl", hash = "sha256:0c4b206227a8097f05c4dbdd323c50edf81f15db3b8dc064d08c62d37e1a504d"},
    {file = "lazy_object_proxy-1.4.3-cp34-cp34m-manylinux1_x86_64.whl", hash = "sha256:d945239a5639b3ff35b70a88c5f2f491913eb94871780ebfabb2568bd58afc5a"},
    {file = "lazy_object_proxy-1.4.3-cp34-cp34m-win32.whl", hash = "sha256:9651375199045a358eb6741df3e02a651e0330be090b3bc79f6d0de31a80ec3e"},
    {file = "lazy_object_proxy-1.4.3-cp34-cp34m-win_amd64.whl", hash = "sha256:eba7011090323c1dadf18b3b689845fd96a61ba0a1dfbd7f24b921398affc357"},
    {file = "lazy_object_proxy-1.4.3-cp35-cp35m-manylinux1_x86_64.whl", hash = "sha256:48dab84ebd4831077b150572aec802f303117c8cc5c871e182447281ebf3ac50"},
    {file = "lazy_object_proxy-1.4.3-cp35-cp35m-win32.whl", hash = "sha256:ca0a928a3ddbc5725be2dd1cf895ec0a254798915fb3a36af0964a0a4149e3db"},
    {file = "lazy_object_proxy-1.4.3-cp35-cp35m-win_amd64.whl", hash = "sha256:194d092e6f246b906e8f70884e620e459fc54db3259e60cf69a4d66c3fda3449"},
    {file = "lazy_object_proxy-1.4.3-cp36-cp36m-manylinux1_x86_64.whl", hash = "sha256:97bb5884f6f1cdce0099f86b907aa41c970c3c672ac8b9c8352789e103cf3156"},
    {file = "lazy_object_proxy-1.4.3-cp36-cp36m-win32.whl", hash = "sha256:cb2c7c57005a6804ab66f106ceb8482da55f5314b7fcb06551db1edae4ad1531"},
    {file = "lazy_object_proxy-1.4.3-cp36-cp36m-win_amd64.whl", hash = "sha256:8d859b89baf8ef7f8bc6b00aa20316483d67f0b1cbf422f5b4dc56701c8f2ffb"},
    {file = "lazy_object_proxy-1.4.3-cp37-cp37m-macosx_10_13_x86_64.whl", hash = "sha256:1be7e4c9f96948003609aa6c974ae59830a6baecc5376c25c92d7d697e684c08"},
    {file = "lazy_object_proxy-1.4.3-cp37-cp37m-manylinux1_x86_64.whl", hash = "sha256:d74bb8693bf9cf75ac3b47a54d716bbb1a92648d5f781fc799347cfc95952383"},
    {file = "lazy_object_proxy-1.4.3-cp37-cp37m-win32.whl", hash = "sha256:9b15f3f4c0f35727d3a0fba4b770b3c4ebbb1fa907dbcc046a1d2799f3edd142"},
    {file = "lazy_object_proxy-1.4.3-cp37-cp37m-win_amd64.whl", hash = "sha256:9254f4358b9b541e3441b007a0ea0764b9d056afdeafc1a5569eee1cc6c1b9ea"},
    {file = "lazy_object_proxy-1.4.3-cp38-cp38-manylinux1_x86_64.whl", hash = "sha256:a6ae12d08c0bf9909ce12385803a543bfe99b95fe01e752536a60af2b7797c62"},
    {file = "lazy_object_proxy-1.4.3-cp38-cp38-win32.whl", hash = "sha256:5541cada25cd173702dbd99f8e22434105456314462326f06dba3e180f203dfd"},
    {file = "lazy_object_proxy-1.4.3-cp38-cp38-win_amd64.whl", hash = "sha256:59f79fef100b09564bc2df42ea2d8d21a64fdcda64979c0fa3db7bdaabaf6239"},
]
mccabe = [
    {file = "mccabe-0.6.1-py2.py3-none-any.whl", hash = "sha256:ab8a6258860da4b6677da4bd2fe5dc2c659cff31b3ee4f7f5d64e79735b80d42"},
    {file = "mccabe-0.6.1.tar.gz", hash = "sha256:dd8d182285a0fe56bace7f45b5e7d1a6ebcbf524e8f3bd87eb0f125271b8831f"},
]
more-itertools = [
    {file = "more-itertools-8.3.0.tar.gz", hash = "sha256:558bb897a2232f5e4f8e2399089e35aecb746e1f9191b6584a151647e89267be"},
    {file = "more_itertools-8.3.0-py3-none-any.whl", hash = "sha256:7818f596b1e87be009031c7653d01acc46ed422e6656b394b0f765ce66ed4982"},
]
packaging = [
    {file = "packaging-20.4-py2.py3-none-any.whl", hash = "sha256:998416ba6962ae7fbd6596850b80e17859a5753ba17c32284f67bfff33784181"},
    {file = "packaging-20.4.tar.gz", hash = "sha256:4357f74f47b9c12db93624a82154e9b120fa8293699949152b22065d556079f8"},
]
parso = [
    {file = "parso-0.7.0-py2.py3-none-any.whl", hash = "sha256:158c140fc04112dc45bca311633ae5033c2c2a7b732fa33d0955bad8152a8dd0"},
    {file = "parso-0.7.0.tar.gz", hash = "sha256:908e9fae2144a076d72ae4e25539143d40b8e3eafbaeae03c1bfe226f4cdf12c"},
]
pluggy = [
    {file = "pluggy-0.13.1-py2.py3-none-any.whl", hash = "sha256:966c145cd83c96502c3c3868f50408687b38434af77734af1e9ca461a4081d2d"},
    {file = "pluggy-0.13.1.tar.gz", hash = "sha256:15b2acde666561e1298d71b523007ed7364de07029219b604cf808bfa1c765b0"},
]
py = [
    {file = "py-1.8.1-py2.py3-none-any.whl", hash = "sha256:c20fdd83a5dbc0af9efd622bee9a5564e278f6380fffcacc43ba6f43db2813b0"},
    {file = "py-1.8.1.tar.gz", hash = "sha256:5e27081401262157467ad6e7f851b7aa402c5852dbcb3dae06768434de5752aa"},
]
pylint = [
    {file = "pylint-2.5.2-py3-none-any.whl", hash = "sha256:dd506acce0427e9e08fb87274bcaa953d38b50a58207170dbf5b36cf3e16957b"},
    {file = "pylint-2.5.2.tar.gz", hash = "sha256:b95e31850f3af163c2283ed40432f053acbc8fc6eba6a069cb518d9dbf71848c"},
]
pyparsing = [
    {file = "pyparsing-2.4.7-py2.py3-none-any.whl", hash = "sha256:ef9d7589ef3c200abe66653d3f1ab1033c3c419ae9b9bdb1240a85b024efc88b"},
    {file = "pyparsing-2.4.7.tar.gz", hash = "sha256:c203ec8783bf771a155b207279b9bccb8dea02d8f0c9e5f8ead507bc3246ecc1"},
]
pytest = [
    {file = "pytest-5.4.2-py3-none-any.whl", hash = "sha256:95c710d0a72d91c13fae35dce195633c929c3792f54125919847fdcdf7caa0d3"},
    {file = "pytest-5.4.2.tar.gz", hash = "sha256:eb2b5e935f6a019317e455b6da83dd8650ac9ffd2ee73a7b657a30873d67a698"},
]
six = [
    {file = "six-1.15.0-py2.py3-none-any.whl", hash = "sha256:8b74bedcbbbaca38ff6d7491d76f2b06b3592611af620f8426e82dddb04a5ced"},
    {file = "six-1.15.0.tar.gz", hash = "sha256:30639c035cdb23534cd4aa2dd52c3bf48f06e5f4a941509c8bafd8ce11080259"},
]
toml = [
    {file = "toml-0.10.1-py2.py3-none-any.whl", hash = "sha256:bda89d5935c2eac546d648028b9901107a595863cb36bae0c73ac804a9b4ce88"},
    {file = "toml-0.10.1.tar.gz", hash = "sha256:926b612be1e5ce0634a2ca03470f95169cf16f939018233a670519cb4ac58b0f"},
]
wcwidth = [
    {file = "wcwidth-0.1.9-py2.py3-none-any.whl", hash = "sha256:cafe2186b3c009a04067022ce1dcd79cb38d8d65ee4f4791b8888d6599d1bbe1"},
    {file = "wcwidth-0.1.9.tar.gz", hash = "sha256:ee73862862a156bf77ff92b09034fc4825dd3af9cf81bc5b360668d425f3c5f1"},
]
wrapt = [
    {file = "wrapt-1.12.1.tar.gz", hash = "sha256:b62ffa81fb85f4332a4f609cab4ac40709470da05643a082ec1eb88e6d9b97d7"},
]
